// !$*UTF8*$!
{
	archiveVersion = 1;
	classes = {
	};
	objectVersion = 50;
	objects = {

/* Begin PBXBuildFile section */
		45BE02AA20AA1E4C00332413 /* AppDelegate.swift in Sources */ = {isa = PBXBuildFile; fileRef = 45BE02A920AA1E4C00332413 /* AppDelegate.swift */; };
		45BE02AC20AA1E4C00332413 /* ViewController.swift in Sources */ = {isa = PBXBuildFile; fileRef = 45BE02AB20AA1E4C00332413 /* ViewController.swift */; };
		45BE02AF20AA1E4C00332413 /* Main.storyboard in Resources */ = {isa = PBXBuildFile; fileRef = 45BE02AD20AA1E4C00332413 /* Main.storyboard */; };
		45BE02B120AA1E4D00332413 /* Assets.xcassets in Resources */ = {isa = PBXBuildFile; fileRef = 45BE02B020AA1E4D00332413 /* Assets.xcassets */; };
		45BE02B420AA1E4D00332413 /* LaunchScreen.storyboard in Resources */ = {isa = PBXBuildFile; fileRef = 45BE02B220AA1E4D00332413 /* LaunchScreen.storyboard */; };
		45BE02BD20AA1E8300332413 /* PlayingCard.swift in Sources */ = {isa = PBXBuildFile; fileRef = 45BE02BC20AA1E8300332413 /* PlayingCard.swift */; };
		45BE02BF20AA22CB00332413 /* PlayingCardDeck.swift in Sources */ = {isa = PBXBuildFile; fileRef = 45BE02BE20AA22CB00332413 /* PlayingCardDeck.swift */; };
		45C5860A20AEABAC007A9AD9 /* PlayingCardView.swift in Sources */ = {isa = PBXBuildFile; fileRef = 45C5860920AEABAC007A9AD9 /* PlayingCardView.swift */; };
/* End PBXBuildFile section */

/* Begin PBXFileReference section */
		45BE02A620AA1E4C00332413 /* PlayingCard.app */ = {isa = PBXFileReference; explicitFileType = wrapper.application; includeInIndex = 0; path = PlayingCard.app; sourceTree = BUILT_PRODUCTS_DIR; };
		45BE02A920AA1E4C00332413 /* AppDelegate.swift */ = {isa = PBXFileReference; lastKnownFileType = sourcecode.swift; path = AppDelegate.swift; sourceTree = "<group>"; };
		45BE02AB20AA1E4C00332413 /* ViewController.swift */ = {isa = PBXFileReference; lastKnownFileType = sourcecode.swift; path = ViewController.swift; sourceTree = "<group>"; };
		45BE02AE20AA1E4C00332413 /* Base */ = {isa = PBXFileReference; lastKnownFileType = file.storyboard; name = Base; path = Base.lproj/Main.storyboard; sourceTree = "<group>"; };
		45BE02B020AA1E4D00332413 /* Assets.xcassets */ = {isa = PBXFileReference; lastKnownFileType = folder.assetcatalog; path = Assets.xcassets; sourceTree = "<group>"; };
		45BE02B320AA1E4D00332413 /* Base */ = {isa = PBXFileReference; lastKnownFileType = file.storyboard; name = Base; path = Base.lproj/LaunchScreen.storyboard; sourceTree = "<group>"; };
		45BE02B520AA1E4D00332413 /* Info.plist */ = {isa = PBXFileReference; lastKnownFileType = text.plist.xml; path = Info.plist; sourceTree = "<group>"; };
		45BE02BC20AA1E8300332413 /* PlayingCard.swift */ = {isa = PBXFileReference; lastKnownFileType = sourcecode.swift; path = PlayingCard.swift; sourceTree = "<group>"; };
		45BE02BE20AA22CB00332413 /* PlayingCardDeck.swift */ = {isa = PBXFileReference; lastKnownFileType = sourcecode.swift; path = PlayingCardDeck.swift; sourceTree = "<group>"; };
		45C5860920AEABAC007A9AD9 /* PlayingCardView.swift */ = {isa = PBXFileReference; lastKnownFileType = sourcecode.swift; path = PlayingCardView.swift; sourceTree = "<group>"; };
/* End PBXFileReference section */

/* Begin PBXFrameworksBuildPhase section */
		45BE02A320AA1E4C00332413 /* Frameworks */ = {
			isa = PBXFrameworksBuildPhase;
			buildActionMask = 2147483647;
			files = (
			);
			runOnlyForDeploymentPostprocessing = 0;
		};
/* End PBXFrameworksBuildPhase section */

/* Begin PBXGroup section */
		45BE029D20AA1E4C00332413 = {
			isa = PBXGroup;
			children = (
				45BE02A820AA1E4C00332413 /* PlayingCard */,
				45BE02A720AA1E4C00332413 /* Products */,
			);
			sourceTree = "<group>";
		};
		45BE02A720AA1E4C00332413 /* Products */ = {
			isa = PBXGroup;
			children = (
				45BE02A620AA1E4C00332413 /* PlayingCard.app */,
			);
			name = Products;
			sourceTree = "<group>";
		};
		45BE02A820AA1E4C00332413 /* PlayingCard */ = {
			isa = PBXGroup;
			children = (
				45BE02BB20AA1E5E00332413 /* Supporting Files */,
				45BE02AB20AA1E4C00332413 /* ViewController.swift */,
				45BE02AD20AA1E4C00332413 /* Main.storyboard */,
				45BE02BC20AA1E8300332413 /* PlayingCard.swift */,
				45C5860920AEABAC007A9AD9 /* PlayingCardView.swift */,
				45BE02BE20AA22CB00332413 /* PlayingCardDeck.swift */,
				45BE02B020AA1E4D00332413 /* Assets.xcassets */,
				45BE02B520AA1E4D00332413 /* Info.plist */,
			);
			path = PlayingCard;
			sourceTree = "<group>";
		};
		45BE02BB20AA1E5E00332413 /* Supporting Files */ = {
			isa = PBXGroup;
			children = (
				45BE02A920AA1E4C00332413 /* AppDelegate.swift */,
				45BE02B220AA1E4D00332413 /* LaunchScreen.storyboard */,
			);
			path = "Supporting Files";
			sourceTree = "<group>";
		};
/* End PBXGroup section */

/* Begin PBXNativeTarget section */
		45BE02A520AA1E4C00332413 /* PlayingCard */ = {
			isa = PBXNativeTarget;
			buildConfigurationList = 45BE02B820AA1E4D00332413 /* Build configuration list for PBXNativeTarget "PlayingCard" */;
			buildPhases = (
				45BE02A220AA1E4C00332413 /* Sources */,
				45BE02A320AA1E4C00332413 /* Frameworks */,
				45BE02A420AA1E4C00332413 /* Resources */,
			);
			buildRules = (
			);
			dependencies = (
			);
			name = PlayingCard;
			productName = PlayingCard;
			productReference = 45BE02A620AA1E4C00332413 /* PlayingCard.app */;
			productType = "com.apple.product-type.application";
		};
/* End PBXNativeTarget section */

/* Begin PBXProject section */
		45BE029E20AA1E4C00332413 /* Project object */ = {
			isa = PBXProject;
			attributes = {
				LastSwiftUpdateCheck = 0930;
				LastUpgradeCheck = 0930;
				ORGANIZATIONNAME = "Yusheng Xu";
				TargetAttributes = {
					45BE02A520AA1E4C00332413 = {
						CreatedOnToolsVersion = 9.3;
					};
				};
			};
			buildConfigurationList = 45BE02A120AA1E4C00332413 /* Build configuration list for PBXProject "PlayingCard" */;
			compatibilityVersion = "Xcode 9.3";
			developmentRegion = en;
			hasScannedForEncodings = 0;
			knownRegions = (
				en,
				Base,
			);
			mainGroup = 45BE029D20AA1E4C00332413;
			productRefGroup = 45BE02A720AA1E4C00332413 /* Products */;
			projectDirPath = "";
			projectRoot = "";
			targets = (
				45BE02A520AA1E4C00332413 /* PlayingCard */,
			);
		};
/* End PBXProject section */

/* Begin PBXResourcesBuildPhase section */
		45BE02A420AA1E4C00332413 /* Resources */ = {
			isa = PBXResourcesBuildPhase;
			buildActionMask = 2147483647;
			files = (
				45BE02B420AA1E4D00332413 /* LaunchScreen.storyboard in Resources */,
				45BE02B120AA1E4D00332413 /* Assets.xcassets in Resources */,
				45BE02AF20AA1E4C00332413 /* Main.storyboard in Resources */,
			);
			runOnlyForDeploymentPostprocessing = 0;
		};
/* End PBXResourcesBuildPhase section */

/* Begin PBXSourcesBuildPhase section */
		45BE02A220AA1E4C00332413 /* Sources */ = {
			isa = PBXSourcesBuildPhase;
			buildActionMask = 2147483647;
			files = (
				45BE02AC20AA1E4C00332413 /* ViewController.swift in Sources */,
				45BE02BF20AA22CB00332413 /* PlayingCardDeck.swift in Sources */,
				45BE02BD20AA1E8300332413 /* PlayingCard.swift in Sources */,
				45C5860A20AEABAC007A9AD9 /* PlayingCardView.swift in Sources */,
				45BE02AA20AA1E4C00332413 /* AppDelegate.swift in Sources */,
			);
			runOnlyForDeploymentPostprocessing = 0;
		};
/* End PBXSourcesBuildPhase section */

/* Begin PBXVariantGroup section */
		45BE02AD20AA1E4C00332413 /* Main.storyboard */ = {
			isa = PBXVariantGroup;
			children = (
				45BE02AE20AA1E4C00332413 /* Base */,
			);
			name = Main.storyboard;
			sourceTree = "<group>";
		};
		45BE02B220AA1E4D00332413 /* LaunchScreen.storyboard */ = {
			isa = PBXVariantGroup;
			children = (
				45BE02B320AA1E4D00332413 /* Base */,
			);
			name = LaunchScreen.storyboard;
			sourceTree = "<group>";
		};
/* End PBXVariantGroup section */

/* Begin XCBuildConfiguration section */
		45BE02B620AA1E4D00332413 /* Debug */ = {
			isa = XCBuildConfiguration;
			buildSettings = {
				ALWAYS_SEARCH_USER_PATHS = NO;
				CLANG_ANALYZER_NONNULL = YES;
				CLANG_ANALYZER_NUMBER_OBJECT_CONVERSION = YES_AGGRESSIVE;
				CLANG_CXX_LANGUAGE_STANDARD = "gnu++14";
				CLANG_CXX_LIBRARY = "libc++";
				CLANG_ENABLE_MODULES = YES;
				CLANG_ENABLE_OBJC_ARC = YES;
				CLANG_ENABLE_OBJC_WEAK = YES;
				CLANG_WARN_BLOCK_CAPTURE_AUTORELEASING = YES;
				CLANG_WARN_BOOL_CONVERSION = YES;
				CLANG_WARN_COMMA = YES;
				CLANG_WARN_CONSTANT_CONVERSION = YES;
				CLANG_WARN_DEPRECATED_OBJC_IMPLEMENTATIONS = YES;
				CLANG_WARN_DIRECT_OBJC_ISA_USAGE = YES_ERROR;
				CLANG_WARN_DOCUMENTATION_COMMENTS = YES;
				CLANG_WARN_EMPTY_BODY = YES;
				CLANG_WARN_ENUM_CONVERSION = YES;
				CLANG_WARN_INFINITE_RECURSION = YES;
				CLANG_WARN_INT_CONVERSION = YES;
				CLANG_WARN_NON_LITERAL_NULL_CONVERSION = YES;
				CLANG_WARN_OBJC_IMPLICIT_RETAIN_SELF = YES;
				CLANG_WARN_OBJC_LITERAL_CONVERSION = YES;
				CLANG_WARN_OBJC_ROOT_CLASS = YES_ERROR;
				CLANG_WARN_RANGE_LOOP_ANALYSIS = YES;
				CLANG_WARN_STRICT_PROTOTYPES = YES;
				CLANG_WARN_SUSPICIOUS_MOVE = YES;
				CLANG_WARN_UNGUARDED_AVAILABILITY = YES_AGGRESSIVE;
				CLANG_WARN_UNREACHABLE_CODE = YES;
				CLANG_WARN__DUPLICATE_METHOD_MATCH = YES;
				CODE_SIGN_IDENTITY = "iPhone Developer";
				COPY_PHASE_STRIP = NO;
				DEBUG_INFORMATION_FORMAT = dwarf;
				ENABLE_STRICT_OBJC_MSGSEND = YES;
				ENABLE_TESTABILITY = YES;
				GCC_C_LANGUAGE_STANDARD = gnu11;
				GCC_DYNAMIC_NO_PIC = NO;
				GCC_NO_COMMON_BLOCKS = YES;
				GCC_OPTIMIZATION_LEVEL = 0;
				GCC_PREPROCESSOR_DEFINITIONS = (
					"DEBUG=1",
					"$(inherited)",
				);
				GCC_WARN_64_TO_32_BIT_CONVERSION = YES;
				GCC_WARN_ABOUT_RETURN_TYPE = YES_ERROR;
				GCC_WARN_UNDECLARED_SELECTOR = YES;
				GCC_WARN_UNINITIALIZED_AUTOS = YES_AGGRESSIVE;
				GCC_WARN_UNUSED_FUNCTION = YES;
				GCC_WARN_UNUSED_VARIABLE = YES;
				IPHONEOS_DEPLOYMENT_TARGET = 11.3;
				MTL_ENABLE_DEBUG_INFO = YES;
				ONLY_ACTIVE_ARCH = YES;
				SDKROOT = iphoneos;
				SWIFT_ACTIVE_COMPILATION_CONDITIONS = DEBUG;
				SWIFT_OPTIMIZATION_LEVEL = "-Onone";
			};
			name = Debug;
		};
		45BE02B720AA1E4D00332413 /* Release */ = {
			isa = XCBuildConfiguration;
			buildSettings = {
				ALWAYS_SEARCH_USER_PATHS = NO;
				CLANG_ANALYZER_NONNULL = YES;
				CLANG_ANALYZER_NUMBER_OBJECT_CONVERSION = YES_AGGRESSIVE;
				CLANG_CXX_LANGUAGE_STANDARD = "gnu++14";
				CLANG_CXX_LIBRARY = "libc++";
				CLANG_ENABLE_MODULES = YES;
				CLANG_ENABLE_OBJC_ARC = YES;
				CLANG_ENABLE_OBJC_WEAK = YES;
				CLANG_WARN_BLOCK_CAPTURE_AUTORELEASING = YES;
				CLANG_WARN_BOOL_CONVERSION = YES;
				CLANG_WARN_COMMA = YES;
				CLANG_WARN_CONSTANT_CONVERSION = YES;
				CLANG_WARN_DEPRECATED_OBJC_IMPLEMENTATIONS = YES;
				CLANG_WARN_DIRECT_OBJC_ISA_USAGE = YES_ERROR;
				CLANG_WARN_DOCUMENTATION_COMMENTS = YES;
				CLANG_WARN_EMPTY_BODY = YES;
				CLANG_WARN_ENUM_CONVERSION = YES;
				CLANG_WARN_INFINITE_RECURSION = YES;
				CLANG_WARN_INT_CONVERSION = YES;
				CLANG_WARN_NON_LITERAL_NULL_CONVERSION = YES;
				CLANG_WARN_OBJC_IMPLICIT_RETAIN_SELF = YES;
				CLANG_WARN_OBJC_LITERAL_CONVERSION = YES;
				CLANG_WARN_OBJC_ROOT_CLASS = YES_ERROR;
				CLANG_WARN_RANGE_LOOP_ANALYSIS = YES;
				CLANG_WARN_STRICT_PROTOTYPES = YES;
				CLANG_WARN_SUSPICIOUS_MOVE = YES;
				CLANG_WARN_UNGUARDED_AVAILABILITY = YES_AGGRESSIVE;
				CLANG_WARN_UNREACHABLE_CODE = YES;
				CLANG_WARN__DUPLICATE_METHOD_MATCH = YES;
				CODE_SIGN_IDENTITY = "iPhone Developer";
				COPY_PHASE_STRIP = NO;
				DEBUG_INFORMATION_FORMAT = "dwarf-with-dsym";
				ENABLE_NS_ASSERTIONS = NO;
				ENABLE_STRICT_OBJC_MSGSEND = YES;
				GCC_C_LANGUAGE_STANDARD = gnu11;
				GCC_NO_COMMON_BLOCKS = YES;
				GCC_WARN_64_TO_32_BIT_CONVERSION = YES;
				GCC_WARN_ABOUT_RETURN_TYPE = YES_ERROR;
				GCC_WARN_UNDECLARED_SELECTOR = YES;
				GCC_WARN_UNINITIALIZED_AUTOS = YES_AGGRESSIVE;
				GCC_WARN_UNUSED_FUNCTION = YES;
				GCC_WARN_UNUSED_VARIABLE = YES;
				IPHONEOS_DEPLOYMENT_TARGET = 11.3;
				MTL_ENABLE_DEBUG_INFO = NO;
				SDKROOT = iphoneos;
				SWIFT_COMPILATION_MODE = wholemodule;
				SWIFT_OPTIMIZATION_LEVEL = "-O";
				VALIDATE_PRODUCT = YES;
			};
			name = Release;
		};
		45BE02B920AA1E4D00332413 /* Debug */ = {
			isa = XCBuildConfiguration;
			buildSettings = {
				ASSETCATALOG_COMPILER_APPICON_NAME = AppIcon;
				CODE_SIGN_STYLE = Automatic;
				INFOPLIST_FILE = PlayingCard/Info.plist;
				LD_RUNPATH_SEARCH_PATHS = (
					"$(inherited)",
					"@executable_path/Frameworks",
				);
				PRODUCT_BUNDLE_IDENTIFIER = edu.byuh.go.buluo.PlayingCard;
				PRODUCT_NAME = "$(TARGET_NAME)";
				SWIFT_VERSION = 4.0;
				TARGETED_DEVICE_FAMILY = "1,2";
			};
			name = Debug;
		};
		45BE02BA20AA1E4D00332413 /* Release */ = {
			isa = XCBuildConfiguration;
			buildSettings = {
				ASSETCATALOG_COMPILER_APPICON_NAME = AppIcon;
				CODE_SIGN_STYLE = Automatic;
				INFOPLIST_FILE = PlayingCard/Info.plist;
				LD_RUNPATH_SEARCH_PATHS = (
					"$(inherited)",
					"@executable_path/Frameworks",
				);
				PRODUCT_BUNDLE_IDENTIFIER = edu.byuh.go.buluo.PlayingCard;
				PRODUCT_NAME = "$(TARGET_NAME)";
				SWIFT_VERSION = 4.0;
				TARGETED_DEVICE_FAMILY = "1,2";
			};
			name = Release;
		};
/* End XCBuildConfiguration section */

/* Begin XCConfigurationList section */
		45BE02A120AA1E4C00332413 /* Build configuration list for PBXProject "PlayingCard" */ = {
			isa = XCConfigurationList;
			buildConfigurations = (
				45BE02B620AA1E4D00332413 /* Debug */,
				45BE02B720AA1E4D00332413 /* Release */,
			);
			defaultConfigurationIsVisible = 0;
			defaultConfigurationName = Release;
		};
		45BE02B820AA1E4D00332413 /* Build configuration list for PBXNativeTarget "PlayingCard" */ = {
			isa = XCConfigurationList;
			buildConfigurations = (
				45BE02B920AA1E4D00332413 /* Debug */,
				45BE02BA20AA1E4D00332413 /* Release */,
			);
			defaultConfigurationIsVisible = 0;
			defaultConfigurationName = Release;
		};
/* End XCConfigurationList section */
	};
	rootObject = 45BE029E20AA1E4C00332413 /* Project object */;
}
